{
  "name": "tsstudy",
  "version": "1.0.0",
  "lockfileVersion": 3,
  "requires": true,
  "packages": {
    "": {
      "name": "tsstudy",
      "version": "1.0.0",
      "license": "ISC",
      "dependencies": {
        "@types/lodash": "^4.17.4",
        "@types/node": "^20.12.12",
        "dayjs": "^1.11.13",
        "lodash": "^4.17.21",
        "priority-queue-typed": "^1.52.0"
      }
    },
    "node_modules/@types/lodash": {
      "version": "4.17.4",
      "resolved": "https://registry.npmmirror.com/@types/lodash/-/lodash-4.17.4.tgz",
      "integrity": "sha512-wYCP26ZLxaT3R39kiN2+HcJ4kTd3U1waI/cY7ivWYqFP6pW3ZNpvi6Wd6PHZx7T/t8z0vlkXMg3QYLa7DZ/IJQ=="
    },
    "node_modules/@types/node": {
      "version": "20.12.12",
      "resolved": "https://registry.npmmirror.com/@types/node/-/node-20.12.12.tgz",
      "integrity": "sha512-eWLDGF/FOSPtAvEqeRAQ4C8LSA7M1I7i0ky1I8U7kD1J5ITyW3AsRhQrKVoWf5pFKZ2kILsEGJhsI9r93PYnOw==",
      "dependencies": {
        "undici-types": "~5.26.4"
      }
    },
    "node_modules/data-structure-typed": {
      "version": "1.52.0",
      "resolved": "https://registry.npmmirror.com/data-structure-typed/-/data-structure-typed-1.52.0.tgz",
      "integrity": "sha512-jJhARI44PxwvSIHaTl0FyzrlmJodInT+RiVCSZ1l9WqzENQNrupnzCukmmp7OW1/TQE2d17mQvbdrno/ohFn9Q=="
    },
    "node_modules/dayjs": {
      "version": "1.11.13",
      "resolved": "https://mirrors.huaweicloud.com/repository/npm/dayjs/-/dayjs-1.11.13.tgz",
      "integrity": "sha512-oaMBel6gjolK862uaPQOVTA7q3TZhuSvuMQAAglQDOWYO9A91IrAOUJEyKVlqJlHE0vq5p5UXxzdPfMH/x6xNg=="
    },
    "node_modules/lodash": {
      "version": "4.17.21",
      "resolved": "https://registry.npmmirror.com/lodash/-/lodash-4.17.21.tgz",
      "integrity": "sha512-v2kDEe57lecTulaDIuNTPy3Ry4gLGJ6Z1O3vE1krgXZNrsQ+LFTGHVxVjcXPs17LhbZVGedAJv8XZ1tvj5FvSg=="
    },
    "node_modules/priority-queue-typed": {
      "version": "1.52.0",
      "resolved": "https://registry.npmmirror.com/priority-queue-typed/-/priority-queue-typed-1.52.0.tgz",
      "integrity": "sha512-2WR2FwSK86LMvsqSec5M5FkA39bVHzO7zftapFZ27/oxZqFf3+49+4ltfhtpCZTvZBaQ0r3J6klMHvuPN3Yy0g==",
      "dependencies": {
        "data-structure-typed": "^1.52.0"
      }
    },
    "node_modules/undici-types": {
      "version": "5.26.5",
      "resolved": "https://registry.npmmirror.com/undici-types/-/undici-types-5.26.5.tgz",
      "integrity": "sha512-JlCMO+ehdEIKqlFxk6IfVoAUVmgz7cU7zD/h9XZ0qzeosSHmUJVOzSQvvYSYWXkFXC+IfLKSIffhv0sVZup6pA=="
    }
  }
}
